Microsoft Visual Studio Solution File, Format Version 12.00
# Visual Studio 2012
Project("{FAE04EC0-301F-11D3-BF4B-00C04F79EFBC}") = "Lylat", "Lylat.csproj", "{95E5C73E-7DA0-4EEA-AAFF-B1C446E6B266}"
EndProject
Global
	GlobalSection(SolutionConfigurationPlatforms) = preSolution
	Debug|Any CPU = Debug|Any CPU
	Release|Any CPU = Release|Any CPU
	Tools|Any CPU = Tools|Any CPU
	EndGlobalSection
	GlobalSection(ProjectConfigurationPlatforms) = postSolution
		{95E5C73E-7DA0-4EEA-AAFF-B1C446E6B266}.Debug|Any CPU.ActiveCfg = Debug|Any CPU
		{95E5C73E-7DA0-4EEA-AAFF-B1C446E6B266}.Debug|Any CPU.Build.0 = Debug|Any CPU
		{95E5C73E-7DA0-4EEA-AAFF-B1C446E6B266}.Release|Any CPU.ActiveCfg = Release|Any CPU
		{95E5C73E-7DA0-4EEA-AAFF-B1C446E6B266}.Release|Any CPU.Build.0 = Release|Any CPU
		{95E5C73E-7DA0-4EEA-AAFF-B1C446E6B266}.Tools|Any CPU.ActiveCfg = Tools|Any CPU
		{95E5C73E-7DA0-4EEA-AAFF-B1C446E6B266}.Tools|Any CPU.Build.0 = Tools|Any CPU
	EndGlobalSection
EndGlobal
